// !$*UTF8*$!
{
	archiveVersion = 1;
	classes = {
	};
	objectVersion = 46;
	objects = {

/* Begin PBXBuildFile section */
		17F354F0B7F5A981CA47D1F0 /* Pods.framework in Frameworks */ = {isa = PBXBuildFile; fileRef = 975CEB7A300525DA35CE042C /* Pods.framework */; };
		ACAFB5771C9648BE000FFF3D /* AppDelegate.swift in Sources */ = {isa = PBXBuildFile; fileRef = ACAFB5761C9648BE000FFF3D /* AppDelegate.swift */; };
		ACAFB5791C9648BE000FFF3D /* ViewController.swift in Sources */ = {isa = PBXBuildFile; fileRef = ACAFB5781C9648BE000FFF3D /* ViewController.swift */; };
		ACAFB57C1C9648BE000FFF3D /* Main.storyboard in Resources */ = {isa = PBXBuildFile; fileRef = ACAFB57A1C9648BE000FFF3D /* Main.storyboard */; };
		ACAFB57E1C9648BE000FFF3D /* Assets.xcassets in Resources */ = {isa = PBXBuildFile; fileRef = ACAFB57D1C9648BE000FFF3D /* Assets.xcassets */; };
		ACAFB5811C9648BE000FFF3D /* LaunchScreen.storyboard in Resources */ = {isa = PBXBuildFile; fileRef = ACAFB57F1C9648BE000FFF3D /* LaunchScreen.storyboard */; };
		ACAFB58C1C9648BE000FFF3D /* Product_InsightsTests.swift in Sources */ = {isa = PBXBuildFile; fileRef = ACAFB58B1C9648BE000FFF3D /* Product_InsightsTests.swift */; };
		ACAFB5971C9648BE000FFF3D /* Product_InsightsUITests.swift in Sources */ = {isa = PBXBuildFile; fileRef = ACAFB5961C9648BE000FFF3D /* Product_InsightsUITests.swift */; };
		ACAFB5A51C967AFF000FFF3D /* mainTableViewCell.swift in Sources */ = {isa = PBXBuildFile; fileRef = ACAFB5A41C967AFF000FFF3D /* mainTableViewCell.swift */; };
		ACAFB5A71C967C01000FFF3D /* firstTableViewController.swift in Sources */ = {isa = PBXBuildFile; fileRef = ACAFB5A61C967C01000FFF3D /* firstTableViewController.swift */; };
		ACAFB5C11C968419000FFF3D /* Alamofire.swift in Sources */ = {isa = PBXBuildFile; fileRef = ACAFB5A81C968419000FFF3D /* Alamofire.swift */; };
		ACAFB5C21C968419000FFF3D /* Download.swift in Sources */ = {isa = PBXBuildFile; fileRef = ACAFB5A91C968419000FFF3D /* Download.swift */; };
		ACAFB5C31C968419000FFF3D /* Error.swift in Sources */ = {isa = PBXBuildFile; fileRef = ACAFB5AA1C968419000FFF3D /* Error.swift */; };
		ACAFB5C41C968419000FFF3D /* Manager.swift in Sources */ = {isa = PBXBuildFile; fileRef = ACAFB5AB1C968419000FFF3D /* Manager.swift */; };
		ACAFB5C51C968419000FFF3D /* MultipartFormData.swift in Sources */ = {isa = PBXBuildFile; fileRef = ACAFB5AC1C968419000FFF3D /* MultipartFormData.swift */; };
		ACAFB5C61C968419000FFF3D /* NetworkReachabilityManager.swift in Sources */ = {isa = PBXBuildFile; fileRef = ACAFB5AD1C968419000FFF3D /* NetworkReachabilityManager.swift */; };
		ACAFB5C71C968419000FFF3D /* Notifications.swift in Sources */ = {isa = PBXBuildFile; fileRef = ACAFB5AE1C968419000FFF3D /* Notifications.swift */; };
		ACAFB5C81C968419000FFF3D /* ParameterEncoding.swift in Sources */ = {isa = PBXBuildFile; fileRef = ACAFB5AF1C968419000FFF3D /* ParameterEncoding.swift */; };
		ACAFB5C91C968419000FFF3D /* Request.swift in Sources */ = {isa = PBXBuildFile; fileRef = ACAFB5B01C968419000FFF3D /* Request.swift */; };
		ACAFB5CA1C968419000FFF3D /* Response.swift in Sources */ = {isa = PBXBuildFile; fileRef = ACAFB5B11C968419000FFF3D /* Response.swift */; };
		ACAFB5CB1C968419000FFF3D /* ResponseSerialization.swift in Sources */ = {isa = PBXBuildFile; fileRef = ACAFB5B21C968419000FFF3D /* ResponseSerialization.swift */; };
		ACAFB5CC1C968419000FFF3D /* Result.swift in Sources */ = {isa = PBXBuildFile; fileRef = ACAFB5B31C968419000FFF3D /* Result.swift */; };
		ACAFB5CD1C968419000FFF3D /* ServerTrustPolicy.swift in Sources */ = {isa = PBXBuildFile; fileRef = ACAFB5B41C968419000FFF3D /* ServerTrustPolicy.swift */; };
		ACAFB5CE1C968419000FFF3D /* Stream.swift in Sources */ = {isa = PBXBuildFile; fileRef = ACAFB5B51C968419000FFF3D /* Stream.swift */; };
		ACAFB5CF1C968419000FFF3D /* Timeline.swift in Sources */ = {isa = PBXBuildFile; fileRef = ACAFB5B61C968419000FFF3D /* Timeline.swift */; };
		ACAFB5D01C968419000FFF3D /* Upload.swift in Sources */ = {isa = PBXBuildFile; fileRef = ACAFB5B71C968419000FFF3D /* Upload.swift */; };
		ACAFB5D11C968419000FFF3D /* Validation.swift in Sources */ = {isa = PBXBuildFile; fileRef = ACAFB5B81C968419000FFF3D /* Validation.swift */; };
		ACAFB5D21C968419000FFF3D /* Alamofire.xcconfig in Resources */ = {isa = PBXBuildFile; fileRef = ACAFB5BA1C968419000FFF3D /* Alamofire.xcconfig */; };
		ACAFB5D31C968419000FFF3D /* Alamofire-dummy.m in Sources */ = {isa = PBXBuildFile; fileRef = ACAFB5BB1C968419000FFF3D /* Alamofire-dummy.m */; };
		ACAFB5D41C968419000FFF3D /* Info.plist in Resources */ = {isa = PBXBuildFile; fileRef = ACAFB5BE1C968419000FFF3D /* Info.plist */; };
/* End PBXBuildFile section */

/* Begin PBXContainerItemProxy section */
		ACAFB5881C9648BE000FFF3D /* PBXContainerItemProxy */ = {
			isa = PBXContainerItemProxy;
			containerPortal = ACAFB56B1C9648BD000FFF3D /* Project object */;
			proxyType = 1;
			remoteGlobalIDString = ACAFB5721C9648BE000FFF3D;
			remoteInfo = "Product Insights";
		};
		ACAFB5931C9648BE000FFF3D /* PBXContainerItemProxy */ = {
			isa = PBXContainerItemProxy;
			containerPortal = ACAFB56B1C9648BD000FFF3D /* Project object */;
			proxyType = 1;
			remoteGlobalIDString = ACAFB5721C9648BE000FFF3D;
			remoteInfo = "Product Insights";
		};
/* End PBXContainerItemProxy section */

/* Begin PBXFileReference section */
		975CEB7A300525DA35CE042C /* Pods.framework */ = {isa = PBXFileReference; explicitFileType = wrapper.framework; includeInIndex = 0; path = Pods.framework; sourceTree = BUILT_PRODUCTS_DIR; };
		ACAFB5731C9648BE000FFF3D /* Product Insights.app */ = {isa = PBXFileReference; explicitFileType = wrapper.application; includeInIndex = 0; path = "Product Insights.app"; sourceTree = BUILT_PRODUCTS_DIR; };
		ACAFB5761C9648BE000FFF3D /* AppDelegate.swift */ = {isa = PBXFileReference; lastKnownFileType = sourcecode.swift; path = AppDelegate.swift; sourceTree = "<group>"; };
		ACAFB5781C9648BE000FFF3D /* ViewController.swift */ = {isa = PBXFileReference; lastKnownFileType = sourcecode.swift; path = ViewController.swift; sourceTree = "<group>"; };
		ACAFB57B1C9648BE000FFF3D /* Base */ = {isa = PBXFileReference; lastKnownFileType = file.storyboard; name = Base; path = Base.lproj/Main.storyboard; sourceTree = "<group>"; };
		ACAFB57D1C9648BE000FFF3D /* Assets.xcassets */ = {isa = PBXFileReference; lastKnownFileType = folder.assetcatalog; path = Assets.xcassets; sourceTree = "<group>"; };
		ACAFB5801C9648BE000FFF3D /* Base */ = {isa = PBXFileReference; lastKnownFileType = file.storyboard; name = Base; path = Base.lproj/LaunchScreen.storyboard; sourceTree = "<group>"; };
		ACAFB5821C9648BE000FFF3D /* Info.plist */ = {isa = PBXFileReference; lastKnownFileType = text.plist.xml; path = Info.plist; sourceTree = "<group>"; };
		ACAFB5871C9648BE000FFF3D /* Product InsightsTests.xctest */ = {isa = PBXFileReference; explicitFileType = wrapper.cfbundle; includeInIndex = 0; path = "Product InsightsTests.xctest"; sourceTree = BUILT_PRODUCTS_DIR; };
		ACAFB58B1C9648BE000FFF3D /* Product_InsightsTests.swift */ = {isa = PBXFileReference; lastKnownFileType = sourcecode.swift; path = Product_InsightsTests.swift; sourceTree = "<group>"; };
		ACAFB58D1C9648BE000FFF3D /* Info.plist */ = {isa = PBXFileReference; lastKnownFileType = text.plist.xml; path = Info.plist; sourceTree = "<group>"; };
		ACAFB5921C9648BE000FFF3D /* Product InsightsUITests.xctest */ = {isa = PBXFileReference; explicitFileType = wrapper.cfbundle; includeInIndex = 0; path = "Product InsightsUITests.xctest"; sourceTree = BUILT_PRODUCTS_DIR; };
		ACAFB5961C9648BE000FFF3D /* Product_InsightsUITests.swift */ = {isa = PBXFileReference; lastKnownFileType = sourcecode.swift; path = Product_InsightsUITests.swift; sourceTree = "<group>"; };
		ACAFB5981C9648BE000FFF3D /* Info.plist */ = {isa = PBXFileReference; lastKnownFileType = text.plist.xml; path = Info.plist; sourceTree = "<group>"; };
		ACAFB5A41C967AFF000FFF3D /* mainTableViewCell.swift */ = {isa = PBXFileReference; fileEncoding = 4; lastKnownFileType = sourcecode.swift; path = mainTableViewCell.swift; sourceTree = "<group>"; };
		ACAFB5A61C967C01000FFF3D /* firstTableViewController.swift */ = {isa = PBXFileReference; fileEncoding = 4; lastKnownFileType = sourcecode.swift; path = firstTableViewController.swift; sourceTree = "<group>"; };
		ACAFB5A81C968419000FFF3D /* Alamofire.swift */ = {isa = PBXFileReference; fileEncoding = 4; lastKnownFileType = sourcecode.swift; name = Alamofire.swift; path = Source/Alamofire.swift; sourceTree = "<group>"; };
		ACAFB5A91C968419000FFF3D /* Download.swift */ = {isa = PBXFileReference; fileEncoding = 4; lastKnownFileType = sourcecode.swift; name = Download.swift; path = Source/Download.swift; sourceTree = "<group>"; };
		ACAFB5AA1C968419000FFF3D /* Error.swift */ = {isa = PBXFileReference; fileEncoding = 4; lastKnownFileType = sourcecode.swift; name = Error.swift; path = Source/Error.swift; sourceTree = "<group>"; };
		ACAFB5AB1C968419000FFF3D /* Manager.swift */ = {isa = PBXFileReference; fileEncoding = 4; lastKnownFileType = sourcecode.swift; name = Manager.swift; path = Source/Manager.swift; sourceTree = "<group>"; };
		ACAFB5AC1C968419000FFF3D /* MultipartFormData.swift */ = {isa = PBXFileReference; fileEncoding = 4; lastKnownFileType = sourcecode.swift; name = MultipartFormData.swift; path = Source/MultipartFormData.swift; sourceTree = "<group>"; };
		ACAFB5AD1C968419000FFF3D /* NetworkReachabilityManager.swift */ = {isa = PBXFileReference; fileEncoding = 4; lastKnownFileType = sourcecode.swift; name = NetworkReachabilityManager.swift; path = Source/NetworkReachabilityManager.swift; sourceTree = "<group>"; };
		ACAFB5AE1C968419000FFF3D /* Notifications.swift */ = {isa = PBXFileReference; fileEncoding = 4; lastKnownFileType = sourcecode.swift; name = Notifications.swift; path = Source/Notifications.swift; sourceTree = "<group>"; };
		ACAFB5AF1C968419000FFF3D /* ParameterEncoding.swift */ = {isa = PBXFileReference; fileEncoding = 4; lastKnownFileType = sourcecode.swift; name = ParameterEncoding.swift; path = Source/ParameterEncoding.swift; sourceTree = "<group>"; };
		ACAFB5B01C968419000FFF3D /* Request.swift */ = {isa = PBXFileReference; fileEncoding = 4; lastKnownFileType = sourcecode.swift; name = Request.swift; path = Source/Request.swift; sourceTree = "<group>"; };
		ACAFB5B11C968419000FFF3D /* Response.swift */ = {isa = PBXFileReference; fileEncoding = 4; lastKnownFileType = sourcecode.swift; name = Response.swift; path = Source/Response.swift; sourceTree = "<group>"; };
		ACAFB5B21C968419000FFF3D /* ResponseSerialization.swift */ = {isa = PBXFileReference; fileEncoding = 4; lastKnownFileType = sourcecode.swift; name = ResponseSerialization.swift; path = Source/ResponseSerialization.swift; sourceTree = "<group>"; };
		ACAFB5B31C968419000FFF3D /* Result.swift */ = {isa = PBXFileReference; fileEncoding = 4; lastKnownFileType = sourcecode.swift; name = Result.swift; path = Source/Result.swift; sourceTree = "<group>"; };
		ACAFB5B41C968419000FFF3D /* ServerTrustPolicy.swift */ = {isa = PBXFileReference; fileEncoding = 4; lastKnownFileType = sourcecode.swift; name = ServerTrustPolicy.swift; path = Source/ServerTrustPolicy.swift; sourceTree = "<group>"; };
		ACAFB5B51C968419000FFF3D /* Stream.swift */ = {isa = PBXFileReference; fileEncoding = 4; lastKnownFileType = sourcecode.swift; name = Stream.swift; path = Source/Stream.swift; sourceTree = "<group>"; };
		ACAFB5B61C968419000FFF3D /* Timeline.swift */ = {isa = PBXFileReference; fileEncoding = 4; lastKnownFileType = sourcecode.swift; name = Timeline.swift; path = Source/Timeline.swift; sourceTree = "<group>"; };
		ACAFB5B71C968419000FFF3D /* Upload.swift */ = {isa = PBXFileReference; fileEncoding = 4; lastKnownFileType = sourcecode.swift; name = Upload.swift; path = Source/Upload.swift; sourceTree = "<group>"; };
		ACAFB5B81C968419000FFF3D /* Validation.swift */ = {isa = PBXFileReference; fileEncoding = 4; lastKnownFileType = sourcecode.swift; name = Validation.swift; path = Source/Validation.swift; sourceTree = "<group>"; };
		ACAFB5B91C968419000FFF3D /* Alamofire.modulemap */ = {isa = PBXFileReference; fileEncoding = 4; lastKnownFileType = "sourcecode.module-map"; path = Alamofire.modulemap; sourceTree = "<group>"; };
		ACAFB5BA1C968419000FFF3D /* Alamofire.xcconfig */ = {isa = PBXFileReference; fileEncoding = 4; lastKnownFileType = text.xcconfig; path = Alamofire.xcconfig; sourceTree = "<group>"; };
		ACAFB5BB1C968419000FFF3D /* Alamofire-dummy.m */ = {isa = PBXFileReference; fileEncoding = 4; lastKnownFileType = sourcecode.c.objc; path = "Alamofire-dummy.m"; sourceTree = "<group>"; };
		ACAFB5BC1C968419000FFF3D /* Alamofire-prefix.pch */ = {isa = PBXFileReference; fileEncoding = 4; lastKnownFileType = sourcecode.c.h; path = "Alamofire-prefix.pch"; sourceTree = "<group>"; };
		ACAFB5BD1C968419000FFF3D /* Alamofire-umbrella.h */ = {isa = PBXFileReference; fileEncoding = 4; lastKnownFileType = sourcecode.c.h; path = "Alamofire-umbrella.h"; sourceTree = "<group>"; };
		ACAFB5BE1C968419000FFF3D /* Info.plist */ = {isa = PBXFileReference; fileEncoding = 4; lastKnownFileType = text.plist.xml; path = Info.plist; sourceTree = "<group>"; };
		AE401E229180C6A61AC94594 /* Pods.debug.xcconfig */ = {isa = PBXFileReference; includeInIndex = 1; lastKnownFileType = text.xcconfig; name = Pods.debug.xcconfig; path = "Pods/Target Support Files/Pods/Pods.debug.xcconfig"; sourceTree = "<group>"; };
		E35A0E3EEF98CD8F21C05234 /* Pods.release.xcconfig */ = {isa = PBXFileReference; includeInIndex = 1; lastKnownFileType = text.xcconfig; name = Pods.release.xcconfig; path = "Pods/Target Support Files/Pods/Pods.release.xcconfig"; sourceTree = "<group>"; };
/* End PBXFileReference section */

/* Begin PBXFrameworksBuildPhase section */
		ACAFB5701C9648BE000FFF3D /* Frameworks */ = {
			isa = PBXFrameworksBuildPhase;
			buildActionMask = 2147483647;
			files = (
				17F354F0B7F5A981CA47D1F0 /* Pods.framework in Frameworks */,
			);
			runOnlyForDeploymentPostprocessing = 0;
		};
		ACAFB5841C9648BE000FFF3D /* Frameworks */ = {
			isa = PBXFrameworksBuildPhase;
			buildActionMask = 2147483647;
			files = (
			);
			runOnlyForDeploymentPostprocessing = 0;
		};
		ACAFB58F1C9648BE000FFF3D /* Frameworks */ = {
			isa = PBXFrameworksBuildPhase;
			buildActionMask = 2147483647;
			files = (
			);
			runOnlyForDeploymentPostprocessing = 0;
		};
/* End PBXFrameworksBuildPhase section */

/* Begin PBXGroup section */
		ACAFB56A1C9648BD000FFF3D = {
			isa = PBXGroup;
			children = (
				ACAFB5751C9648BE000FFF3D /* Product Insights */,
				ACAFB58A1C9648BE000FFF3D /* Product InsightsTests */,
				ACAFB5951C9648BE000FFF3D /* Product InsightsUITests */,
				ACAFB5741C9648BE000FFF3D /* Products */,
				B61763BDED8A89B5D2D5EA3F /* Pods */,
				BA318750B0AC57ECD03B8FDE /* Frameworks */,
			);
			sourceTree = "<group>";
		};
		ACAFB5741C9648BE000FFF3D /* Products */ = {
			isa = PBXGroup;
			children = (
				ACAFB5731C9648BE000FFF3D /* Product Insights.app */,
				ACAFB5871C9648BE000FFF3D /* Product InsightsTests.xctest */,
				ACAFB5921C9648BE000FFF3D /* Product InsightsUITests.xctest */,
			);
			name = Products;
			sourceTree = "<group>";
		};
		ACAFB5751C9648BE000FFF3D /* Product Insights */ = {
			isa = PBXGroup;
			children = (
				ACAFB5C01C968419000FFF3D /* Alamofire */,
				ACAFB5761C9648BE000FFF3D /* AppDelegate.swift */,
				ACAFB5781C9648BE000FFF3D /* ViewController.swift */,
				ACAFB57A1C9648BE000FFF3D /* Main.storyboard */,
				ACAFB57D1C9648BE000FFF3D /* Assets.xcassets */,
				ACAFB57F1C9648BE000FFF3D /* LaunchScreen.storyboard */,
				ACAFB5821C9648BE000FFF3D /* Info.plist */,
				ACAFB5A41C967AFF000FFF3D /* mainTableViewCell.swift */,
				ACAFB5A61C967C01000FFF3D /* firstTableViewController.swift */,
			);
			path = "Product Insights";
			sourceTree = "<group>";
		};
		ACAFB58A1C9648BE000FFF3D /* Product InsightsTests */ = {
			isa = PBXGroup;
			children = (
				ACAFB58B1C9648BE000FFF3D /* Product_InsightsTests.swift */,
				ACAFB58D1C9648BE000FFF3D /* Info.plist */,
			);
			path = "Product InsightsTests";
			sourceTree = "<group>";
		};
		ACAFB5951C9648BE000FFF3D /* Product InsightsUITests */ = {
			isa = PBXGroup;
			children = (
				ACAFB5961C9648BE000FFF3D /* Product_InsightsUITests.swift */,
				ACAFB5981C9648BE000FFF3D /* Info.plist */,
			);
			path = "Product InsightsUITests";
			sourceTree = "<group>";
		};
		ACAFB5BF1C968419000FFF3D /* Support Files */ = {
			isa = PBXGroup;
			children = (
				ACAFB5B91C968419000FFF3D /* Alamofire.modulemap */,
				ACAFB5BA1C968419000FFF3D /* Alamofire.xcconfig */,
				ACAFB5BB1C968419000FFF3D /* Alamofire-dummy.m */,
				ACAFB5BC1C968419000FFF3D /* Alamofire-prefix.pch */,
				ACAFB5BD1C968419000FFF3D /* Alamofire-umbrella.h */,
				ACAFB5BE1C968419000FFF3D /* Info.plist */,
			);
			name = "Support Files";
			path = "../Target Support Files/Alamofire";
			sourceTree = "<group>";
		};
		ACAFB5C01C968419000FFF3D /* Alamofire */ = {
			isa = PBXGroup;
			children = (
				ACAFB5A81C968419000FFF3D /* Alamofire.swift */,
				ACAFB5A91C968419000FFF3D /* Download.swift */,
				ACAFB5AA1C968419000FFF3D /* Error.swift */,
				ACAFB5AB1C968419000FFF3D /* Manager.swift */,
				ACAFB5AC1C968419000FFF3D /* MultipartFormData.swift */,
				ACAFB5AD1C968419000FFF3D /* NetworkReachabilityManager.swift */,
				ACAFB5AE1C968419000FFF3D /* Notifications.swift */,
				ACAFB5AF1C968419000FFF3D /* ParameterEncoding.swift */,
				ACAFB5B01C968419000FFF3D /* Request.swift */,
				ACAFB5B11C968419000FFF3D /* Response.swift */,
				ACAFB5B21C968419000FFF3D /* ResponseSerialization.swift */,
				ACAFB5B31C968419000FFF3D /* Result.swift */,
				ACAFB5B41C968419000FFF3D /* ServerTrustPolicy.swift */,
				ACAFB5B51C968419000FFF3D /* Stream.swift */,
				ACAFB5B61C968419000FFF3D /* Timeline.swift */,
				ACAFB5B71C968419000FFF3D /* Upload.swift */,
				ACAFB5B81C968419000FFF3D /* Validation.swift */,
				ACAFB5BF1C968419000FFF3D /* Support Files */,
			);
			name = Alamofire;
			path = ../Pods/Alamofire;
			sourceTree = "<group>";
		};
		B61763BDED8A89B5D2D5EA3F /* Pods */ = {
			isa = PBXGroup;
			children = (
				AE401E229180C6A61AC94594 /* Pods.debug.xcconfig */,
				E35A0E3EEF98CD8F21C05234 /* Pods.release.xcconfig */,
			);
			name = Pods;
			sourceTree = "<group>";
		};
		BA318750B0AC57ECD03B8FDE /* Frameworks */ = {
			isa = PBXGroup;
			children = (
				975CEB7A300525DA35CE042C /* Pods.framework */,
			);
			name = Frameworks;
			sourceTree = "<group>";
		};
/* End PBXGroup section */

/* Begin PBXNativeTarget section */
		ACAFB5721C9648BE000FFF3D /* Product Insights */ = {
			isa = PBXNativeTarget;
			buildConfigurationList = ACAFB59B1C9648BE000FFF3D /* Build configuration list for PBXNativeTarget "Product Insights" */;
			buildPhases = (
				A58749F27F72908E7E718468 /* Check Pods Manifest.lock */,
				ACAFB56F1C9648BE000FFF3D /* Sources */,
				ACAFB5701C9648BE000FFF3D /* Frameworks */,
				ACAFB5711C9648BE000FFF3D /* Resources */,
				94B4962896C777139E8CB4DB /* Embed Pods Frameworks */,
				EE5E6CC0AC805ABA1BA91F99 /* Copy Pods Resources */,
			);
			buildRules = (
			);
			dependencies = (
			);
			name = "Product Insights";
			productName = "Product Insights";
			productReference = ACAFB5731C9648BE000FFF3D /* Product Insights.app */;
			productType = "com.apple.product-type.application";
		};
		ACAFB5861C9648BE000FFF3D /* Product InsightsTests */ = {
			isa = PBXNativeTarget;
			buildConfigurationList = ACAFB59E1C9648BE000FFF3D /* Build configuration list for PBXNativeTarget "Product InsightsTests" */;
			buildPhases = (
				ACAFB5831C9648BE000FFF3D /* Sources */,
				ACAFB5841C9648BE000FFF3D /* Frameworks */,
				ACAFB5851C9648BE000FFF3D /* Resources */,
			);
			buildRules = (
			);
			dependencies = (
				ACAFB5891C9648BE000FFF3D /* PBXTargetDependency */,
			);
			name = "Product InsightsTests";
			productName = "Product InsightsTests";
			productReference = ACAFB5871C9648BE000FFF3D /* Product InsightsTests.xctest */;
			productType = "com.apple.product-type.bundle.unit-test";
		};
		ACAFB5911C9648BE000FFF3D /* Product InsightsUITests */ = {
			isa = PBXNativeTarget;
			buildConfigurationList = ACAFB5A11C9648BE000FFF3D /* Build configuration list for PBXNativeTarget "Product InsightsUITests" */;
			buildPhases = (
				ACAFB58E1C9648BE000FFF3D /* Sources */,
				ACAFB58F1C9648BE000FFF3D /* Frameworks */,
				ACAFB5901C9648BE000FFF3D /* Resources */,
			);
			buildRules = (
			);
			dependencies = (
				ACAFB5941C9648BE000FFF3D /* PBXTargetDependency */,
			);
			name = "Product InsightsUITests";
			productName = "Product InsightsUITests";
			productReference = ACAFB5921C9648BE000FFF3D /* Product InsightsUITests.xctest */;
			productType = "com.apple.product-type.bundle.ui-testing";
		};
/* End PBXNativeTarget section */

/* Begin PBXProject section */
		ACAFB56B1C9648BD000FFF3D /* Project object */ = {
			isa = PBXProject;
			attributes = {
				LastSwiftUpdateCheck = 0720;
				LastUpgradeCheck = 0720;
				ORGANIZATIONNAME = "Mario Hernandez";
				TargetAttributes = {
					ACAFB5721C9648BE000FFF3D = {
						CreatedOnToolsVersion = 7.2.1;
						DevelopmentTeam = J825CW78Y6;
					};
					ACAFB5861C9648BE000FFF3D = {
						CreatedOnToolsVersion = 7.2.1;
						DevelopmentTeam = J825CW78Y6;
						TestTargetID = ACAFB5721C9648BE000FFF3D;
					};
					ACAFB5911C9648BE000FFF3D = {
						CreatedOnToolsVersion = 7.2.1;
						DevelopmentTeam = J825CW78Y6;
						TestTargetID = ACAFB5721C9648BE000FFF3D;
					};
				};
			};
			buildConfigurationList = ACAFB56E1C9648BD000FFF3D /* Build configuration list for PBXProject "Product Insights" */;
			compatibilityVersion = "Xcode 3.2";
			developmentRegion = English;
			hasScannedForEncodings = 0;
			knownRegions = (
				en,
				Base,
			);
			mainGroup = ACAFB56A1C9648BD000FFF3D;
			productRefGroup = ACAFB5741C9648BE000FFF3D /* Products */;
			projectDirPath = "";
			projectRoot = "";
			targets = (
				ACAFB5721C9648BE000FFF3D /* Product Insights */,
				ACAFB5861C9648BE000FFF3D /* Product InsightsTests */,
				ACAFB5911C9648BE000FFF3D /* Product InsightsUITests */,
			);
		};
/* End PBXProject section */

/* Begin PBXResourcesBuildPhase section */
		ACAFB5711C9648BE000FFF3D /* Resources */ = {
			isa = PBXResourcesBuildPhase;
			buildActionMask = 2147483647;
			files = (
				ACAFB5811C9648BE000FFF3D /* LaunchScreen.storyboard in Resources */,
				ACAFB5D21C968419000FFF3D /* Alamofire.xcconfig in Resources */,
				ACAFB57E1C9648BE000FFF3D /* Assets.xcassets in Resources */,
				ACAFB5D41C968419000FFF3D /* Info.plist in Resources */,
				ACAFB57C1C9648BE000FFF3D /* Main.storyboard in Resources */,
			);
			runOnlyForDeploymentPostprocessing = 0;
		};
		ACAFB5851C9648BE000FFF3D /* Resources */ = {
			isa = PBXResourcesBuildPhase;
			buildActionMask = 2147483647;
			files = (
			);
			runOnlyForDeploymentPostprocessing = 0;
		};
		ACAFB5901C9648BE000FFF3D /* Resources */ = {
			isa = PBXResourcesBuildPhase;
			buildActionMask = 2147483647;
			files = (
			);
			runOnlyForDeploymentPostprocessing = 0;
		};
/* End PBXResourcesBuildPhase section */

/* Begin PBXShellScriptBuildPhase section */
		94B4962896C777139E8CB4DB /* Embed Pods Frameworks */ = {
			isa = PBXShellScriptBuildPhase;
			buildActionMask = 2147483647;
			files = (
			);
			inputPaths = (
			);
			name = "Embed Pods Frameworks";
			outputPaths = (
			);
			runOnlyForDeploymentPostprocessing = 0;
			shellPath = /bin/sh;
			shellScript = "\"${SRCROOT}/Pods/Target Support Files/Pods/Pods-frameworks.sh\"\n";
			showEnvVarsInLog = 0;
		};
		A58749F27F72908E7E718468 /* Check Pods Manifest.lock */ = {
			isa = PBXShellScriptBuildPhase;
			buildActionMask = 2147483647;
			files = (
			);
			inputPaths = (
			);
			name = "Check Pods Manifest.lock";
			outputPaths = (
			);
			runOnlyForDeploymentPostprocessing = 0;
			shellPath = /bin/sh;
			shellScript = "diff \"${PODS_ROOT}/../Podfile.lock\" \"${PODS_ROOT}/Manifest.lock\" > /dev/null\nif [[ $? != 0 ]] ; then\n    cat << EOM\nerror: The sandbox is not in sync with the Podfile.lock. Run 'pod install' or update your CocoaPods installation.\nEOM\n    exit 1\nfi\n";
			showEnvVarsInLog = 0;
		};
		EE5E6CC0AC805ABA1BA91F99 /* Copy Pods Resources */ = {
			isa = PBXShellScriptBuildPhase;
			buildActionMask = 2147483647;
			files = (
			);
			inputPaths = (
			);
			name = "Copy Pods Resources";
			outputPaths = (
			);
			runOnlyForDeploymentPostprocessing = 0;
			shellPath = /bin/sh;
			shellScript = "\"${SRCROOT}/Pods/Target Support Files/Pods/Pods-resources.sh\"\n";
			showEnvVarsInLog = 0;
		};
/* End PBXShellScriptBuildPhase section */

/* Begin PBXSourcesBuildPhase section */
		ACAFB56F1C9648BE000FFF3D /* Sources */ = {
			isa = PBXSourcesBuildPhase;
			buildActionMask = 2147483647;
			files = (
				ACAFB5C61C968419000FFF3D /* NetworkReachabilityManager.swift in Sources */,
				ACAFB5C91C968419000FFF3D /* Request.swift in Sources */,
				ACAFB5A71C967C01000FFF3D /* firstTableViewController.swift in Sources */,
				ACAFB5C71C968419000FFF3D /* Notifications.swift in Sources */,
				ACAFB5C11C968419000FFF3D /* Alamofire.swift in Sources */,
				ACAFB5A51C967AFF000FFF3D /* mainTableViewCell.swift in Sources */,
				ACAFB5CC1C968419000FFF3D /* Result.swift in Sources */,
				ACAFB5D31C968419000FFF3D /* Alamofire-dummy.m in Sources */,
				ACAFB5CE1C968419000FFF3D /* Stream.swift in Sources */,
				ACAFB5CA1C968419000FFF3D /* Response.swift in Sources */,
				ACAFB5C41C968419000FFF3D /* Manager.swift in Sources */,
				ACAFB5C81C968419000FFF3D /* ParameterEncoding.swift in Sources */,
				ACAFB5C21C968419000FFF3D /* Download.swift in Sources */,
				ACAFB5CF1C968419000FFF3D /* Timeline.swift in Sources */,
				ACAFB5D11C968419000FFF3D /* Validation.swift in Sources */,
				ACAFB5CD1C968419000FFF3D /* ServerTrustPolicy.swift in Sources */,
				ACAFB5791C9648BE000FFF3D /* ViewController.swift in Sources */,
				ACAFB5C51C968419000FFF3D /* MultipartFormData.swift in Sources */,
				ACAFB5D01C968419000FFF3D /* Upload.swift in Sources */,
				ACAFB5C31C968419000FFF3D /* Error.swift in Sources */,
				ACAFB5CB1C968419000FFF3D /* ResponseSerialization.swift in Sources */,
				ACAFB5771C9648BE000FFF3D /* AppDelegate.swift in Sources */,
			);
			runOnlyForDeploymentPostprocessing = 0;
		};
		ACAFB5831C9648BE000FFF3D /* Sources */ = {
			isa = PBXSourcesBuildPhase;
			buildActionMask = 2147483647;
			files = (
				ACAFB58C1C9648BE000FFF3D /* Product_InsightsTests.swift in Sources */,
			);
			runOnlyForDeploymentPostprocessing = 0;
		};
		ACAFB58E1C9648BE000FFF3D /* Sources */ = {
			isa = PBXSourcesBuildPhase;
			buildActionMask = 2147483647;
			files = (
				ACAFB5971C9648BE000FFF3D /* Product_InsightsUITests.swift in Sources */,
			);
			runOnlyForDeploymentPostprocessing = 0;
		};
/* End PBXSourcesBuildPhase section */

/* Begin PBXTargetDependency section */
		ACAFB5891C9648BE000FFF3D /* PBXTargetDependency */ = {
			isa = PBXTargetDependency;
			target = ACAFB5721C9648BE000FFF3D /* Product Insights */;
			targetProxy = ACAFB5881C9648BE000FFF3D /* PBXContainerItemProxy */;
		};
		ACAFB5941C9648BE000FFF3D /* PBXTargetDependency */ = {
			isa = PBXTargetDependency;
			target = ACAFB5721C9648BE000FFF3D /* Product Insights */;
			targetProxy = ACAFB5931C9648BE000FFF3D /* PBXContainerItemProxy */;
		};
/* End PBXTargetDependency section */

/* Begin PBXVariantGroup section */
		ACAFB57A1C9648BE000FFF3D /* Main.storyboard */ = {
			isa = PBXVariantGroup;
			children = (
				ACAFB57B1C9648BE000FFF3D /* Base */,
			);
			name = Main.storyboard;
			sourceTree = "<group>";
		};
		ACAFB57F1C9648BE000FFF3D /* LaunchScreen.storyboard */ = {
			isa = PBXVariantGroup;
			children = (
				ACAFB5801C9648BE000FFF3D /* Base */,
			);
			name = LaunchScreen.storyboard;
			sourceTree = "<group>";
		};
/* End PBXVariantGroup section */

/* Begin XCBuildConfiguration section */
		ACAFB5991C9648BE000FFF3D /* Debug */ = {
			isa = XCBuildConfiguration;
			buildSettings = {
				ALWAYS_SEARCH_USER_PATHS = NO;
				CLANG_CXX_LANGUAGE_STANDARD = "gnu++0x";
				CLANG_CXX_LIBRARY = "libc++";
				CLANG_ENABLE_MODULES = YES;
				CLANG_ENABLE_OBJC_ARC = YES;
				CLANG_WARN_BOOL_CONVERSION = YES;
				CLANG_WARN_CONSTANT_CONVERSION = YES;
				CLANG_WARN_DIRECT_OBJC_ISA_USAGE = YES_ERROR;
				CLANG_WARN_EMPTY_BODY = YES;
				CLANG_WARN_ENUM_CONVERSION = YES;
				CLANG_WARN_INT_CONVERSION = YES;
				CLANG_WARN_OBJC_ROOT_CLASS = YES_ERROR;
				CLANG_WARN_UNREACHABLE_CODE = YES;
				CLANG_WARN__DUPLICATE_METHOD_MATCH = YES;
				"CODE_SIGN_IDENTITY[sdk=iphoneos*]" = "iPhone Developer";
				COPY_PHASE_STRIP = NO;
				DEBUG_INFORMATION_FORMAT = dwarf;
				ENABLE_STRICT_OBJC_MSGSEND = YES;
				ENABLE_TESTABILITY = YES;
				GCC_C_LANGUAGE_STANDARD = gnu99;
				GCC_DYNAMIC_NO_PIC = NO;
				GCC_NO_COMMON_BLOCKS = YES;
				GCC_OPTIMIZATION_LEVEL = 0;
				GCC_PREPROCESSOR_DEFINITIONS = (
					"DEBUG=1",
					"$(inherited)",
				);
				GCC_WARN_64_TO_32_BIT_CONVERSION = YES;
				GCC_WARN_ABOUT_RETURN_TYPE = YES_ERROR;
				GCC_WARN_UNDECLARED_SELECTOR = YES;
				GCC_WARN_UNINITIALIZED_AUTOS = YES_AGGRESSIVE;
				GCC_WARN_UNUSED_FUNCTION = YES;
				GCC_WARN_UNUSED_VARIABLE = YES;
				IPHONEOS_DEPLOYMENT_TARGET = 9.2;
				MTL_ENABLE_DEBUG_INFO = YES;
				ONLY_ACTIVE_ARCH = YES;
				SDKROOT = iphoneos;
				SWIFT_OPTIMIZATION_LEVEL = "-Onone";
				TARGETED_DEVICE_FAMILY = "1,2";
			};
			name = Debug;
		};
		ACAFB59A1C9648BE000FFF3D /* Release */ = {
			isa = XCBuildConfiguration;
			buildSettings = {
				ALWAYS_SEARCH_USER_PATHS = NO;
				CLANG_CXX_LANGUAGE_STANDARD = "gnu++0x";
				CLANG_CXX_LIBRARY = "libc++";
				CLANG_ENABLE_MODULES = YES;
				CLANG_ENABLE_OBJC_ARC = YES;
				CLANG_WARN_BOOL_CONVERSION = YES;
				CLANG_WARN_CONSTANT_CONVERSION = YES;
				CLANG_WARN_DIRECT_OBJC_ISA_USAGE = YES_ERROR;
				CLANG_WARN_EMPTY_BODY = YES;
				CLANG_WARN_ENUM_CONVERSION = YES;
				CLANG_WARN_INT_CONVERSION = YES;
				CLANG_WARN_OBJC_ROOT_CLASS = YES_ERROR;
				CLANG_WARN_UNREACHABLE_CODE = YES;
				CLANG_WARN__DUPLICATE_METHOD_MATCH = YES;
				"CODE_SIGN_IDENTITY[sdk=iphoneos*]" = "iPhone Developer";
				COPY_PHASE_STRIP = NO;
				DEBUG_INFORMATION_FORMAT = "dwarf-with-dsym";
				ENABLE_NS_ASSERTIONS = NO;
				ENABLE_STRICT_OBJC_MSGSEND = YES;
				GCC_C_LANGUAGE_STANDARD = gnu99;
				GCC_NO_COMMON_BLOCKS = YES;
				GCC_WARN_64_TO_32_BIT_CONVERSION = YES;
				GCC_WARN_ABOUT_RETURN_TYPE = YES_ERROR;
				GCC_WARN_UNDECLARED_SELECTOR = YES;
				GCC_WARN_UNINITIALIZED_AUTOS = YES_AGGRESSIVE;
				GCC_WARN_UNUSED_FUNCTION = YES;
				GCC_WARN_UNUSED_VARIABLE = YES;
				IPHONEOS_DEPLOYMENT_TARGET = 9.2;
				MTL_ENABLE_DEBUG_INFO = NO;
				SDKROOT = iphoneos;
				TARGETED_DEVICE_FAMILY = "1,2";
				VALIDATE_PRODUCT = YES;
			};
			name = Release;
		};
		ACAFB59C1C9648BE000FFF3D /* Debug */ = {
			isa = XCBuildConfiguration;
			baseConfigurationReference = AE401E229180C6A61AC94594 /* Pods.debug.xcconfig */;
			buildSettings = {
				ASSETCATALOG_COMPILER_APPICON_NAME = AppIcon;
				INFOPLIST_FILE = "Product Insights/Info.plist";
				LD_RUNPATH_SEARCH_PATHS = "$(inherited) @executable_path/Frameworks";
				PRODUCT_BUNDLE_IDENTIFIER = "MED.Product-Insights";
				PRODUCT_NAME = "$(TARGET_NAME)";
			};
			name = Debug;
		};
		ACAFB59D1C9648BE000FFF3D /* Release */ = {
			isa = XCBuildConfiguration;
			baseConfigurationReference = E35A0E3EEF98CD8F21C05234 /* Pods.release.xcconfig */;
			buildSettings = {
				ASSETCATALOG_COMPILER_APPICON_NAME = AppIcon;
				INFOPLIST_FILE = "Product Insights/Info.plist";
				LD_RUNPATH_SEARCH_PATHS = "$(inherited) @executable_path/Frameworks";
				PRODUCT_BUNDLE_IDENTIFIER = "MED.Product-Insights";
				PRODUCT_NAME = "$(TARGET_NAME)";
			};
			name = Release;
		};
		ACAFB59F1C9648BE000FFF3D /* Debug */ = {
			isa = XCBuildConfiguration;
			buildSettings = {
				BUNDLE_LOADER = "$(TEST_HOST)";
				INFOPLIST_FILE = "Product InsightsTests/Info.plist";
				LD_RUNPATH_SEARCH_PATHS = "$(inherited) @executable_path/Frameworks @loader_path/Frameworks";
				PRODUCT_BUNDLE_IDENTIFIER = "MED.Product-InsightsTests";
				PRODUCT_NAME = "$(TARGET_NAME)";
				TEST_HOST = "$(BUILT_PRODUCTS_DIR)/Product Insights.app/Product Insights";
			};
			name = Debug;
		};
		ACAFB5A01C9648BE000FFF3D /* Release */ = {
			isa = XCBuildConfiguration;
			buildSettings = {
				BUNDLE_LOADER = "$(TEST_HOST)";
				INFOPLIST_FILE = "Product InsightsTests/Info.plist";
				LD_RUNPATH_SEARCH_PATHS = "$(inherited) @executable_path/Frameworks @loader_path/Frameworks";
				PRODUCT_BUNDLE_IDENTIFIER = "MED.Product-InsightsTests";
				PRODUCT_NAME = "$(TARGET_NAME)";
				TEST_HOST = "$(BUILT_PRODUCTS_DIR)/Product Insights.app/Product Insights";
			};
			name = Release;
		};
		ACAFB5A21C9648BE000FFF3D /* Debug */ = {
			isa = XCBuildConfiguration;
			buildSettings = {
				INFOPLIST_FILE = "Product InsightsUITests/Info.plist";
				LD_RUNPATH_SEARCH_PATHS = "$(inherited) @executable_path/Frameworks @loader_path/Frameworks";
				PRODUCT_BUNDLE_IDENTIFIER = "MED.Product-InsightsUITests";
				PRODUCT_NAME = "$(TARGET_NAME)";
				TEST_TARGET_NAME = "Product Insights";
				USES_XCTRUNNER = YES;
			};
			name = Debug;
		};
		ACAFB5A31C9648BE000FFF3D /* Release */ = {
			isa = XCBuildConfiguration;
			buildSettings = {
				INFOPLIST_FILE = "Product InsightsUITests/Info.plist";
				LD_RUNPATH_SEARCH_PATHS = "$(inherited) @executable_path/Frameworks @loader_path/Frameworks";
				PRODUCT_BUNDLE_IDENTIFIER = "MED.Product-InsightsUITests";
				PRODUCT_NAME = "$(TARGET_NAME)";
				TEST_TARGET_NAME = "Product Insights";
				USES_XCTRUNNER = YES;
			};
			name = Release;
		};
/* End XCBuildConfiguration section */

/* Begin XCConfigurationList section */
		ACAFB56E1C9648BD000FFF3D /* Build configuration list for PBXProject "Product Insights" */ = {
			isa = XCConfigurationList;
			buildConfigurations = (
				ACAFB5991C9648BE000FFF3D /* Debug */,
				ACAFB59A1C9648BE000FFF3D /* Release */,
			);
			defaultConfigurationIsVisible = 0;
			defaultConfigurationName = Release;
		};
		ACAFB59B1C9648BE000FFF3D /* Build configuration list for PBXNativeTarget "Product Insights" */ = {
			isa = XCConfigurationList;
			buildConfigurations = (
				ACAFB59C1C9648BE000FFF3D /* Debug */,
				ACAFB59D1C9648BE000FFF3D /* Release */,
			);
			defaultConfigurationIsVisible = 0;
			defaultConfigurationName = Release;
		};
		ACAFB59E1C9648BE000FFF3D /* Build configuration list for PBXNativeTarget "Product InsightsTests" */ = {
			isa = XCConfigurationList;
			buildConfigurations = (
				ACAFB59F1C9648BE000FFF3D /* Debug */,
				ACAFB5A01C9648BE000FFF3D /* Release */,
			);
			defaultConfigurationIsVisible = 0;
			defaultConfigurationName = Release;
		};
		ACAFB5A11C9648BE000FFF3D /* Build configuration list for PBXNativeTarget "Product InsightsUITests" */ = {
			isa = XCConfigurationList;
			buildConfigurations = (
				ACAFB5A21C9648BE000FFF3D /* Debug */,
				ACAFB5A31C9648BE000FFF3D /* Release */,
			);
			defaultConfigurationIsVisible = 0;
			defaultConfigurationName = Release;
		};
/* End XCConfigurationList section */
	};
	rootObject = ACAFB56B1C9648BD000FFF3D /* Project object */;
}
